
Microsoft Visual Studio Solution File, Format Version 12.00
# Visual Studio Version 16
VisualStudioVersion = 16.0.29926.136
MinimumVisualStudioVersion = 10.0.40219.1
Project("{FAE04EC0-301F-11D3-BF4B-00C04F79EFBC}") = "SudokuChecker", "SudokuChecker\SudokuChecker.csproj", "{071C2CEB-B231-49D7-9FF8-37E3CB669DCE}"
EndProject
Project("{FAE04EC0-301F-11D3-BF4B-00C04F79EFBC}") = "SudokuCheckerTests", "SudokuCheckerTests\SudokuCheckerTests.csproj", "{B85C45B5-91D2-4D7B-AA99-D2BEDCBF909A}"
EndProject
Global
	GlobalSection(SolutionConfigurationPlatforms) = preSolution
		Debug|Any CPU = Debug|Any CPU
		Release|Any CPU = Release|Any CPU
	EndGlobalSection
	GlobalSection(ProjectConfigurationPlatforms) = postSolution
		{071C2CEB-B231-49D7-9FF8-37E3CB669DCE}.Debug|Any CPU.ActiveCfg = Debug|Any CPU
		{071C2CEB-B231-49D7-9FF8-37E3CB669DCE}.Debug|Any CPU.Build.0 = Debug|Any CPU
		{071C2CEB-B231-49D7-9FF8-37E3CB669DCE}.Release|Any CPU.ActiveCfg = Release|Any CPU
		{071C2CEB-B231-49D7-9FF8-37E3CB669DCE}.Release|Any CPU.Build.0 = Release|Any CPU
		{B85C45B5-91D2-4D7B-AA99-D2BEDCBF909A}.Debug|Any CPU.ActiveCfg = Debug|Any CPU
		{B85C45B5-91D2-4D7B-AA99-D2BEDCBF909A}.Debug|Any CPU.Build.0 = Debug|Any CPU
		{B85C45B5-91D2-4D7B-AA99-D2BEDCBF909A}.Release|Any CPU.ActiveCfg = Release|Any CPU
		{B85C45B5-91D2-4D7B-AA99-D2BEDCBF909A}.Release|Any CPU.Build.0 = Release|Any CPU
	EndGlobalSection
	GlobalSection(SolutionProperties) = preSolution
		HideSolutionNode = FALSE
	EndGlobalSection
	GlobalSection(ExtensibilityGlobals) = postSolution
		SolutionGuid = {E9FC1978-D043-4A51-AF85-6BC09EBBAE3D}
	EndGlobalSection
EndGlobal
